# THIS IS AN AUTOGENERATED FILE. DO NOT EDIT THIS FILE DIRECTLY.
# yarn lockfile v1


catchment@1.0.0:
  version "1.0.0"
  resolved "https://registry.yarnpkg.com/catchment/-/catchment-1.0.0.tgz#3061f71be0102710be84328d2f94363a165f8c4b"
  integrity sha1-MGH3G+AQJxC+hDKNL5Q2OhZfjEs=

is-stream@1.1.0:
  version "1.1.0"
  resolved "https://registry.yarnpkg.com/is-stream/-/is-stream-1.1.0.tgz#12d4a3dd4e68e0b79ceb8dbc84173ae80d91ca44"
  integrity sha1-EtSj3U5o4Lec6428hBc66A2RykQ=

makepromise@1.0.0:
  version "1.0.0"
  resolved "https://registry.yarnpkg.com/makepromise/-/makepromise-1.0.0.tgz#bc6bb6a3e06fd706df51c2923b6936fabd70aa7f"
  integrity sha1-vGu2o+Bv1wbfUcKSO2k2+r1wqn8=

node-exiftool@^2.3.0:
  version "2.3.0"
  resolved "https://registry.yarnpkg.com/node-exiftool/-/node-exiftool-2.3.0.tgz#d5142d34de6f1683b4655198b648e7e3ee6e80ac"
  integrity sha1-1RQtNN5vFoO0ZVGYtkjn4+5ugKw=
  dependencies:
    is-stream "1.1.0"
    restream "1.2.0"
    wrote "0.6.1"

restream@1.2.0:
  version "1.2.0"
  resolved "https://registry.yarnpkg.com/restream/-/restream-1.2.0.tgz#fd13b031a54e80cc65d1878c43149f1b3a40efbb"
  integrity sha1-/ROwMaVOgMxl0YeMQxSfGzpA77s=

wrote@0.6.1:
  version "0.6.1"
  resolved "https://registry.yarnpkg.com/wrote/-/wrote-0.6.1.tgz#eff11efdd6f18424a70baea2df4322af375b8fbe"
  integrity sha1-7/Ee/dbxhCSnC66i30Mirzdbj74=
  dependencies:
    catchment "1.0.0"
    makepromise "1.0.0"
